// !$*UTF8*$!
{
	archiveVersion = 1;
	classes = {
	};
	objectVersion = 46;
	objects = {

/* Begin PBXBuildFile section */
		C52D16641D06B462004CEB27 /* main.m in Sources */ = {isa = PBXBuildFile; fileRef = C52D16631D06B462004CEB27 /* main.m */; };
		C52D16671D06B462004CEB27 /* AppDelegate.m in Sources */ = {isa = PBXBuildFile; fileRef = C52D16661D06B462004CEB27 /* AppDelegate.m */; };
		C52D166A1D06B462004CEB27 /* ViewController.m in Sources */ = {isa = PBXBuildFile; fileRef = C52D16691D06B462004CEB27 /* ViewController.m */; };
		C52D166D1D06B462004CEB27 /* Main.storyboard in Resources */ = {isa = PBXBuildFile; fileRef = C52D166B1D06B462004CEB27 /* Main.storyboard */; };
		C52D166F1D06B462004CEB27 /* Assets.xcassets in Resources */ = {isa = PBXBuildFile; fileRef = C52D166E1D06B462004CEB27 /* Assets.xcassets */; };
		C52D16721D06B462004CEB27 /* LaunchScreen.storyboard in Resources */ = {isa = PBXBuildFile; fileRef = C52D16701D06B462004CEB27 /* LaunchScreen.storyboard */; };
		C52D16821D06B530004CEB27 /* HBLNotificationView.m in Sources */ = {isa = PBXBuildFile; fileRef = C52D16811D06B530004CEB27 /* HBLNotificationView.m */; };
		C52D16841D06B53C004CEB27 /* HBLNotificationView.xib in Resources */ = {isa = PBXBuildFile; fileRef = C52D16831D06B53C004CEB27 /* HBLNotificationView.xib */; };
		C52D16871D06B671004CEB27 /* UIView+BFS.m in Sources */ = {isa = PBXBuildFile; fileRef = C52D16861D06B671004CEB27 /* UIView+BFS.m */; };
		C52D168B1D06B6D7004CEB27 /* HBLConstant.m in Sources */ = {isa = PBXBuildFile; fileRef = C52D168A1D06B6D7004CEB27 /* HBLConstant.m */; };
		C52D168E1D06B71B004CEB27 /* HBLStatusBarNotification.m in Sources */ = {isa = PBXBuildFile; fileRef = C52D168D1D06B71B004CEB27 /* HBLStatusBarNotification.m */; };
		C52D16911D06B796004CEB27 /* UIColor+BFS.m in Sources */ = {isa = PBXBuildFile; fileRef = C52D16901D06B796004CEB27 /* UIColor+BFS.m */; };
/* End PBXBuildFile section */

/* Begin PBXFileReference section */
		C52D165F1D06B462004CEB27 /* HBLStatusBar.app */ = {isa = PBXFileReference; explicitFileType = wrapper.application; includeInIndex = 0; path = HBLStatusBar.app; sourceTree = BUILT_PRODUCTS_DIR; };
		C52D16631D06B462004CEB27 /* main.m */ = {isa = PBXFileReference; lastKnownFileType = sourcecode.c.objc; path = main.m; sourceTree = "<group>"; };
		C52D16651D06B462004CEB27 /* AppDelegate.h */ = {isa = PBXFileReference; lastKnownFileType = sourcecode.c.h; path = AppDelegate.h; sourceTree = "<group>"; };
		C52D16661D06B462004CEB27 /* AppDelegate.m */ = {isa = PBXFileReference; lastKnownFileType = sourcecode.c.objc; path = AppDelegate.m; sourceTree = "<group>"; };
		C52D16681D06B462004CEB27 /* ViewController.h */ = {isa = PBXFileReference; lastKnownFileType = sourcecode.c.h; path = ViewController.h; sourceTree = "<group>"; };
		C52D16691D06B462004CEB27 /* ViewController.m */ = {isa = PBXFileReference; lastKnownFileType = sourcecode.c.objc; path = ViewController.m; sourceTree = "<group>"; };
		C52D166C1D06B462004CEB27 /* Base */ = {isa = PBXFileReference; lastKnownFileType = file.storyboard; name = Base; path = Base.lproj/Main.storyboard; sourceTree = "<group>"; };
		C52D166E1D06B462004CEB27 /* Assets.xcassets */ = {isa = PBXFileReference; lastKnownFileType = folder.assetcatalog; path = Assets.xcassets; sourceTree = "<group>"; };
		C52D16711D06B462004CEB27 /* Base */ = {isa = PBXFileReference; lastKnownFileType = file.storyboard; name = Base; path = Base.lproj/LaunchScreen.storyboard; sourceTree = "<group>"; };
		C52D16731D06B462004CEB27 /* Info.plist */ = {isa = PBXFileReference; lastKnownFileType = text.plist.xml; path = Info.plist; sourceTree = "<group>"; };
		C52D16801D06B530004CEB27 /* HBLNotificationView.h */ = {isa = PBXFileReference; fileEncoding = 4; lastKnownFileType = sourcecode.c.h; name = HBLNotificationView.h; path = ../component/HBLNotificationView.h; sourceTree = "<group>"; };
		C52D16811D06B530004CEB27 /* HBLNotificationView.m */ = {isa = PBXFileReference; fileEncoding = 4; lastKnownFileType = sourcecode.c.objc; name = HBLNotificationView.m; path = ../component/HBLNotificationView.m; sourceTree = "<group>"; };
		C52D16831D06B53C004CEB27 /* HBLNotificationView.xib */ = {isa = PBXFileReference; fileEncoding = 4; lastKnownFileType = file.xib; name = HBLNotificationView.xib; path = ../component/HBLNotificationView.xib; sourceTree = "<group>"; };
		C52D16851D06B671004CEB27 /* UIView+BFS.h */ = {isa = PBXFileReference; fileEncoding = 4; lastKnownFileType = sourcecode.c.h; path = "UIView+BFS.h"; sourceTree = "<group>"; };
		C52D16861D06B671004CEB27 /* UIView+BFS.m */ = {isa = PBXFileReference; fileEncoding = 4; lastKnownFileType = sourcecode.c.objc; path = "UIView+BFS.m"; sourceTree = "<group>"; };
		C52D16891D06B6D7004CEB27 /* HBLConstant.h */ = {isa = PBXFileReference; fileEncoding = 4; lastKnownFileType = sourcecode.c.h; path = HBLConstant.h; sourceTree = "<group>"; };
		C52D168A1D06B6D7004CEB27 /* HBLConstant.m */ = {isa = PBXFileReference; fileEncoding = 4; lastKnownFileType = sourcecode.c.objc; path = HBLConstant.m; sourceTree = "<group>"; };
		C52D168C1D06B71B004CEB27 /* HBLStatusBarNotification.h */ = {isa = PBXFileReference; fileEncoding = 4; lastKnownFileType = sourcecode.c.h; path = HBLStatusBarNotification.h; sourceTree = "<group>"; };
		C52D168D1D06B71B004CEB27 /* HBLStatusBarNotification.m */ = {isa = PBXFileReference; fileEncoding = 4; lastKnownFileType = sourcecode.c.objc; path = HBLStatusBarNotification.m; sourceTree = "<group>"; };
		C52D168F1D06B796004CEB27 /* UIColor+BFS.h */ = {isa = PBXFileReference; fileEncoding = 4; lastKnownFileType = sourcecode.c.h; path = "UIColor+BFS.h"; sourceTree = "<group>"; };
		C52D16901D06B796004CEB27 /* UIColor+BFS.m */ = {isa = PBXFileReference; fileEncoding = 4; lastKnownFileType = sourcecode.c.objc; path = "UIColor+BFS.m"; sourceTree = "<group>"; };
/* End PBXFileReference section */

/* Begin PBXFrameworksBuildPhase section */
		C52D165C1D06B462004CEB27 /* Frameworks */ = {
			isa = PBXFrameworksBuildPhase;
			buildActionMask = 2147483647;
			files = (
			);
			runOnlyForDeploymentPostprocessing = 0;
		};
/* End PBXFrameworksBuildPhase section */

/* Begin PBXGroup section */
		C52D16561D06B462004CEB27 = {
			isa = PBXGroup;
			children = (
				C52D16611D06B462004CEB27 /* HBLStatusBar */,
				C52D16601D06B462004CEB27 /* Products */,
			);
			sourceTree = "<group>";
		};
		C52D16601D06B462004CEB27 /* Products */ = {
			isa = PBXGroup;
			children = (
				C52D165F1D06B462004CEB27 /* HBLStatusBar.app */,
			);
			name = Products;
			sourceTree = "<group>";
		};
		C52D16611D06B462004CEB27 /* HBLStatusBar */ = {
			isa = PBXGroup;
			children = (
				C52D16881D06B6A5004CEB27 /* widget */,
				C52D167A1D06B4E5004CEB27 /* component */,
				C52D16651D06B462004CEB27 /* AppDelegate.h */,
				C52D16661D06B462004CEB27 /* AppDelegate.m */,
				C52D16681D06B462004CEB27 /* ViewController.h */,
				C52D16691D06B462004CEB27 /* ViewController.m */,
				C52D166B1D06B462004CEB27 /* Main.storyboard */,
				C52D166E1D06B462004CEB27 /* Assets.xcassets */,
				C52D16701D06B462004CEB27 /* LaunchScreen.storyboard */,
				C52D16731D06B462004CEB27 /* Info.plist */,
				C52D16621D06B462004CEB27 /* Supporting Files */,
			);
			path = HBLStatusBar;
			sourceTree = "<group>";
		};
		C52D16621D06B462004CEB27 /* Supporting Files */ = {
			isa = PBXGroup;
			children = (
				C52D16631D06B462004CEB27 /* main.m */,
			);
			name = "Supporting Files";
			sourceTree = "<group>";
		};
		C52D167A1D06B4E5004CEB27 /* component */ = {
			isa = PBXGroup;
			children = (
				C52D16851D06B671004CEB27 /* UIView+BFS.h */,
				C52D16861D06B671004CEB27 /* UIView+BFS.m */,
				C52D16891D06B6D7004CEB27 /* HBLConstant.h */,
				C52D168A1D06B6D7004CEB27 /* HBLConstant.m */,
				C52D168F1D06B796004CEB27 /* UIColor+BFS.h */,
				C52D16901D06B796004CEB27 /* UIColor+BFS.m */,
			);
			path = component;
			sourceTree = "<group>";
		};
		C52D16881D06B6A5004CEB27 /* widget */ = {
			isa = PBXGroup;
			children = (
				C52D16801D06B530004CEB27 /* HBLNotificationView.h */,
				C52D16811D06B530004CEB27 /* HBLNotificationView.m */,
				C52D16831D06B53C004CEB27 /* HBLNotificationView.xib */,
				C52D168C1D06B71B004CEB27 /* HBLStatusBarNotification.h */,
				C52D168D1D06B71B004CEB27 /* HBLStatusBarNotification.m */,
			);
			path = widget;
			sourceTree = "<group>";
		};
/* End PBXGroup section */

/* Begin PBXNativeTarget section */
		C52D165E1D06B462004CEB27 /* HBLStatusBar */ = {
			isa = PBXNativeTarget;
			buildConfigurationList = C52D16761D06B462004CEB27 /* Build configuration list for PBXNativeTarget "HBLStatusBar" */;
			buildPhases = (
				C52D165B1D06B462004CEB27 /* Sources */,
				C52D165C1D06B462004CEB27 /* Frameworks */,
				C52D165D1D06B462004CEB27 /* Resources */,
			);
			buildRules = (
			);
			dependencies = (
			);
			name = HBLStatusBar;
			productName = HBLStatusBar;
			productReference = C52D165F1D06B462004CEB27 /* HBLStatusBar.app */;
			productType = "com.apple.product-type.application";
		};
/* End PBXNativeTarget section */

/* Begin PBXProject section */
		C52D16571D06B462004CEB27 /* Project object */ = {
			isa = PBXProject;
			attributes = {
				LastUpgradeCheck = 0730;
				ORGANIZATIONNAME = Benlinhuo;
				TargetAttributes = {
					C52D165E1D06B462004CEB27 = {
						CreatedOnToolsVersion = 7.3;
					};
				};
			};
			buildConfigurationList = C52D165A1D06B462004CEB27 /* Build configuration list for PBXProject "HBLStatusBar" */;
			compatibilityVersion = "Xcode 3.2";
			developmentRegion = English;
			hasScannedForEncodings = 0;
			knownRegions = (
				en,
				Base,
			);
			mainGroup = C52D16561D06B462004CEB27;
			productRefGroup = C52D16601D06B462004CEB27 /* Products */;
			projectDirPath = "";
			projectRoot = "";
			targets = (
				C52D165E1D06B462004CEB27 /* HBLStatusBar */,
			);
		};
/* End PBXProject section */

/* Begin PBXResourcesBuildPhase section */
		C52D165D1D06B462004CEB27 /* Resources */ = {
			isa = PBXResourcesBuildPhase;
			buildActionMask = 2147483647;
			files = (
				C52D16841D06B53C004CEB27 /* HBLNotificationView.xib in Resources */,
				C52D16721D06B462004CEB27 /* LaunchScreen.storyboard in Resources */,
				C52D166F1D06B462004CEB27 /* Assets.xcassets in Resources */,
				C52D166D1D06B462004CEB27 /* Main.storyboard in Resources */,
			);
			runOnlyForDeploymentPostprocessing = 0;
		};
/* End PBXResourcesBuildPhase section */

/* Begin PBXSourcesBuildPhase section */
		C52D165B1D06B462004CEB27 /* Sources */ = {
			isa = PBXSourcesBuildPhase;
			buildActionMask = 2147483647;
			files = (
				C52D168E1D06B71B004CEB27 /* HBLStatusBarNotification.m in Sources */,
				C52D16821D06B530004CEB27 /* HBLNotificationView.m in Sources */,
				C52D166A1D06B462004CEB27 /* ViewController.m in Sources */,
				C52D16911D06B796004CEB27 /* UIColor+BFS.m in Sources */,
				C52D168B1D06B6D7004CEB27 /* HBLConstant.m in Sources */,
				C52D16871D06B671004CEB27 /* UIView+BFS.m in Sources */,
				C52D16671D06B462004CEB27 /* AppDelegate.m in Sources */,
				C52D16641D06B462004CEB27 /* main.m in Sources */,
			);
			runOnlyForDeploymentPostprocessing = 0;
		};
/* End PBXSourcesBuildPhase section */

/* Begin PBXVariantGroup section */
		C52D166B1D06B462004CEB27 /* Main.storyboard */ = {
			isa = PBXVariantGroup;
			children = (
				C52D166C1D06B462004CEB27 /* Base */,
			);
			name = Main.storyboard;
			sourceTree = "<group>";
		};
		C52D16701D06B462004CEB27 /* LaunchScreen.storyboard */ = {
			isa = PBXVariantGroup;
			children = (
				C52D16711D06B462004CEB27 /* Base */,
			);
			name = LaunchScreen.storyboard;
			sourceTree = "<group>";
		};
/* End PBXVariantGroup section */

/* Begin XCBuildConfiguration section */
		C52D16741D06B462004CEB27 /* Debug */ = {
			isa = XCBuildConfiguration;
			buildSettings = {
				ALWAYS_SEARCH_USER_PATHS = NO;
				CLANG_ANALYZER_NONNULL = YES;
				CLANG_CXX_LANGUAGE_STANDARD = "gnu++0x";
				CLANG_CXX_LIBRARY = "libc++";
				CLANG_ENABLE_MODULES = YES;
				CLANG_ENABLE_OBJC_ARC = YES;
				CLANG_WARN_BOOL_CONVERSION = YES;
				CLANG_WARN_CONSTANT_CONVERSION = YES;
				CLANG_WARN_DIRECT_OBJC_ISA_USAGE = YES_ERROR;
				CLANG_WARN_EMPTY_BODY = YES;
				CLANG_WARN_ENUM_CONVERSION = YES;
				CLANG_WARN_INT_CONVERSION = YES;
				CLANG_WARN_OBJC_ROOT_CLASS = YES_ERROR;
				CLANG_WARN_UNREACHABLE_CODE = YES;
				CLANG_WARN__DUPLICATE_METHOD_MATCH = YES;
				"CODE_SIGN_IDENTITY[sdk=iphoneos*]" = "iPhone Developer";
				COPY_PHASE_STRIP = NO;
				DEBUG_INFORMATION_FORMAT = dwarf;
				ENABLE_STRICT_OBJC_MSGSEND = YES;
				ENABLE_TESTABILITY = YES;
				GCC_C_LANGUAGE_STANDARD = gnu99;
				GCC_DYNAMIC_NO_PIC = NO;
				GCC_NO_COMMON_BLOCKS = YES;
				GCC_OPTIMIZATION_LEVEL = 0;
				GCC_PREPROCESSOR_DEFINITIONS = (
					"DEBUG=1",
					"$(inherited)",
				);
				GCC_WARN_64_TO_32_BIT_CONVERSION = YES;
				GCC_WARN_ABOUT_RETURN_TYPE = YES_ERROR;
				GCC_WARN_UNDECLARED_SELECTOR = YES;
				GCC_WARN_UNINITIALIZED_AUTOS = YES_AGGRESSIVE;
				GCC_WARN_UNUSED_FUNCTION = YES;
				GCC_WARN_UNUSED_VARIABLE = YES;
				IPHONEOS_DEPLOYMENT_TARGET = 9.3;
				MTL_ENABLE_DEBUG_INFO = YES;
				ONLY_ACTIVE_ARCH = YES;
				SDKROOT = iphoneos;
			};
			name = Debug;
		};
		C52D16751D06B462004CEB27 /* Release */ = {
			isa = XCBuildConfiguration;
			buildSettings = {
				ALWAYS_SEARCH_USER_PATHS = NO;
				CLANG_ANALYZER_NONNULL = YES;
				CLANG_CXX_LANGUAGE_STANDARD = "gnu++0x";
				CLANG_CXX_LIBRARY = "libc++";
				CLANG_ENABLE_MODULES = YES;
				CLANG_ENABLE_OBJC_ARC = YES;
				CLANG_WARN_BOOL_CONVERSION = YES;
				CLANG_WARN_CONSTANT_CONVERSION = YES;
				CLANG_WARN_DIRECT_OBJC_ISA_USAGE = YES_ERROR;
				CLANG_WARN_EMPTY_BODY = YES;
				CLANG_WARN_ENUM_CONVERSION = YES;
				CLANG_WARN_INT_CONVERSION = YES;
				CLANG_WARN_OBJC_ROOT_CLASS = YES_ERROR;
				CLANG_WARN_UNREACHABLE_CODE = YES;
				CLANG_WARN__DUPLICATE_METHOD_MATCH = YES;
				"CODE_SIGN_IDENTITY[sdk=iphoneos*]" = "iPhone Developer";
				COPY_PHASE_STRIP = NO;
				DEBUG_INFORMATION_FORMAT = "dwarf-with-dsym";
				ENABLE_NS_ASSERTIONS = NO;
				ENABLE_STRICT_OBJC_MSGSEND = YES;
				GCC_C_LANGUAGE_STANDARD = gnu99;
				GCC_NO_COMMON_BLOCKS = YES;
				GCC_WARN_64_TO_32_BIT_CONVERSION = YES;
				GCC_WARN_ABOUT_RETURN_TYPE = YES_ERROR;
				GCC_WARN_UNDECLARED_SELECTOR = YES;
				GCC_WARN_UNINITIALIZED_AUTOS = YES_AGGRESSIVE;
				GCC_WARN_UNUSED_FUNCTION = YES;
				GCC_WARN_UNUSED_VARIABLE = YES;
				IPHONEOS_DEPLOYMENT_TARGET = 9.3;
				MTL_ENABLE_DEBUG_INFO = NO;
				SDKROOT = iphoneos;
				VALIDATE_PRODUCT = YES;
			};
			name = Release;
		};
		C52D16771D06B462004CEB27 /* Debug */ = {
			isa = XCBuildConfiguration;
			buildSettings = {
				ASSETCATALOG_COMPILER_APPICON_NAME = AppIcon;
				INFOPLIST_FILE = HBLStatusBar/Info.plist;
				LD_RUNPATH_SEARCH_PATHS = "$(inherited) @executable_path/Frameworks";
				PRODUCT_BUNDLE_IDENTIFIER = com.angejia.member.HBLStatusBar;
				PRODUCT_NAME = "$(TARGET_NAME)";
			};
			name = Debug;
		};
		C52D16781D06B462004CEB27 /* Release */ = {
			isa = XCBuildConfiguration;
			buildSettings = {
				ASSETCATALOG_COMPILER_APPICON_NAME = AppIcon;
				INFOPLIST_FILE = HBLStatusBar/Info.plist;
				LD_RUNPATH_SEARCH_PATHS = "$(inherited) @executable_path/Frameworks";
				PRODUCT_BUNDLE_IDENTIFIER = com.angejia.member.HBLStatusBar;
				PRODUCT_NAME = "$(TARGET_NAME)";
			};
			name = Release;
		};
/* End XCBuildConfiguration section */

/* Begin XCConfigurationList section */
		C52D165A1D06B462004CEB27 /* Build configuration list for PBXProject "HBLStatusBar" */ = {
			isa = XCConfigurationList;
			buildConfigurations = (
				C52D16741D06B462004CEB27 /* Debug */,
				C52D16751D06B462004CEB27 /* Release */,
			);
			defaultConfigurationIsVisible = 0;
			defaultConfigurationName = Release;
		};
		C52D16761D06B462004CEB27 /* Build configuration list for PBXNativeTarget "HBLStatusBar" */ = {
			isa = XCConfigurationList;
			buildConfigurations = (
				C52D16771D06B462004CEB27 /* Debug */,
				C52D16781D06B462004CEB27 /* Release */,
			);
			defaultConfigurationIsVisible = 0;
		};
/* End XCConfigurationList section */
	};
	rootObject = C52D16571D06B462004CEB27 /* Project object */;
}
